Microsoft Visual Studio Solution File, Format Version 12.00
# Visual Studio Version 17
VisualStudioVersion = 17.5.2.0
MinimumVisualStudioVersion = 10.0.40219.1
Project("{FAE04EC0-301F-11D3-BF4B-00C04F79EFBC}") = "psc-lista-13-2025", "psc-lista-13-2025.csproj", "{5B32F911-839F-41CC-0ECA-B610EDD2A003}"
EndProject
Global
	GlobalSection(SolutionConfigurationPlatforms) = preSolution
		Debug|Any CPU = Debug|Any CPU
		Release|Any CPU = Release|Any CPU
	EndGlobalSection
	GlobalSection(ProjectConfigurationPlatforms) = postSolution
		{5B32F911-839F-41CC-0ECA-B610EDD2A003}.Debug|Any CPU.ActiveCfg = Debug|Any CPU
		{5B32F911-839F-41CC-0ECA-B610EDD2A003}.Debug|Any CPU.Build.0 = Debug|Any CPU
		{5B32F911-839F-41CC-0ECA-B610EDD2A003}.Release|Any CPU.ActiveCfg = Release|Any CPU
		{5B32F911-839F-41CC-0ECA-B610EDD2A003}.Release|Any CPU.Build.0 = Release|Any CPU
	EndGlobalSection
	GlobalSection(SolutionProperties) = preSolution
		HideSolutionNode = FALSE
	EndGlobalSection
	GlobalSection(ExtensibilityGlobals) = postSolution
		SolutionGuid = {BAC57194-6788-4150-AC34-C89C9E09973B}
	EndGlobalSection
EndGlobal
